// !$*UTF8*$!
{
	archiveVersion = 1;
	classes = {
	};
	objectVersion = 51;
	objects = {

/* Begin PBXBuildFile section */
		603E1AC822CDDC2200746F5B /* LecturerData.swift in Sources */ = {isa = PBXBuildFile; fileRef = 603E1AC722CDDC2200746F5B /* LecturerData.swift */; };
		6068569722C610420010D324 /* AppDelegate.swift in Sources */ = {isa = PBXBuildFile; fileRef = 6068569622C610420010D324 /* AppDelegate.swift */; };
		6068569E22C610430010D324 /* Assets.xcassets in Resources */ = {isa = PBXBuildFile; fileRef = 6068569D22C610430010D324 /* Assets.xcassets */; };
		606B379222CA858900929369 /* Main.swift in Sources */ = {isa = PBXBuildFile; fileRef = 606B379122CA858900929369 /* Main.swift */; };
		606B379422CAA07F00929369 /* LaunchScreen.storyboard in Resources */ = {isa = PBXBuildFile; fileRef = 606B379322CAA07F00929369 /* LaunchScreen.storyboard */; };
		60B2E42D22CB182600BEAB23 /* ScheduleScreen.swift in Sources */ = {isa = PBXBuildFile; fileRef = 60B2E42A22CB182600BEAB23 /* ScheduleScreen.swift */; };
		60B2E42E22CB182600BEAB23 /* SettingsScreen.swift in Sources */ = {isa = PBXBuildFile; fileRef = 60B2E42C22CB182600BEAB23 /* SettingsScreen.swift */; };
		60B2E43322CB54EB00BEAB23 /* ScoreScreen.swift in Sources */ = {isa = PBXBuildFile; fileRef = 60B2E43222CB54EB00BEAB23 /* ScoreScreen.swift */; };
		60B2E43622CB58F800BEAB23 /* MapScreen.swift in Sources */ = {isa = PBXBuildFile; fileRef = 60B2E43522CB58F800BEAB23 /* MapScreen.swift */; };
		60B2E43B22CCEA6500BEAB23 /* CurrentDay.swift in Sources */ = {isa = PBXBuildFile; fileRef = 60B2E43A22CCEA6500BEAB23 /* CurrentDay.swift */; };
		60CBD93222D88DE600D387CF /* Student.swift in Sources */ = {isa = PBXBuildFile; fileRef = 60CBD93122D88DE600D387CF /* Student.swift */; };
		60CBD93422DF464700D387CF /* EmptyScheduleScreen.swift in Sources */ = {isa = PBXBuildFile; fileRef = 60CBD93322DF464700D387CF /* EmptyScheduleScreen.swift */; };
		60CBD93622DF46A000D387CF /* SubjectCell.swift in Sources */ = {isa = PBXBuildFile; fileRef = 60CBD93522DF46A000D387CF /* SubjectCell.swift */; };
		60CBD93A22E10F5E00D387CF /* DataUtilities.swift in Sources */ = {isa = PBXBuildFile; fileRef = 60CBD93922E10F5E00D387CF /* DataUtilities.swift */; };
		E2F6EDE69E807E8BA89ECE65 /* Pods_kaist.framework in Frameworks */ = {isa = PBXBuildFile; fileRef = 2122653EEB719A9CDBF82F16 /* Pods_kaist.framework */; };
/* End PBXBuildFile section */

/* Begin PBXFileReference section */
		2122653EEB719A9CDBF82F16 /* Pods_kaist.framework */ = {isa = PBXFileReference; explicitFileType = wrapper.framework; includeInIndex = 0; path = Pods_kaist.framework; sourceTree = BUILT_PRODUCTS_DIR; };
		4FDD590DF6B6A87C3237CF1B /* Pods-kaist.debug.xcconfig */ = {isa = PBXFileReference; includeInIndex = 1; lastKnownFileType = text.xcconfig; name = "Pods-kaist.debug.xcconfig"; path = "Target Support Files/Pods-kaist/Pods-kaist.debug.xcconfig"; sourceTree = "<group>"; };
		603E1AC722CDDC2200746F5B /* LecturerData.swift */ = {isa = PBXFileReference; lastKnownFileType = sourcecode.swift; path = LecturerData.swift; sourceTree = "<group>"; };
		6068569322C610420010D324 /* kaist.app */ = {isa = PBXFileReference; explicitFileType = wrapper.application; includeInIndex = 0; path = kaist.app; sourceTree = BUILT_PRODUCTS_DIR; };
		6068569622C610420010D324 /* AppDelegate.swift */ = {isa = PBXFileReference; lastKnownFileType = sourcecode.swift; path = AppDelegate.swift; sourceTree = "<group>"; };
		6068569D22C610430010D324 /* Assets.xcassets */ = {isa = PBXFileReference; lastKnownFileType = folder.assetcatalog; path = Assets.xcassets; sourceTree = "<group>"; };
		606856A222C610430010D324 /* Info.plist */ = {isa = PBXFileReference; lastKnownFileType = text.plist.xml; path = Info.plist; sourceTree = "<group>"; };
		606B379122CA858900929369 /* Main.swift */ = {isa = PBXFileReference; lastKnownFileType = sourcecode.swift; path = Main.swift; sourceTree = "<group>"; };
		606B379322CAA07F00929369 /* LaunchScreen.storyboard */ = {isa = PBXFileReference; fileEncoding = 4; lastKnownFileType = file.storyboard; path = LaunchScreen.storyboard; sourceTree = "<group>"; };
		60B2E42A22CB182600BEAB23 /* ScheduleScreen.swift */ = {isa = PBXFileReference; fileEncoding = 4; lastKnownFileType = sourcecode.swift; path = ScheduleScreen.swift; sourceTree = "<group>"; };
		60B2E42C22CB182600BEAB23 /* SettingsScreen.swift */ = {isa = PBXFileReference; fileEncoding = 4; lastKnownFileType = sourcecode.swift; path = SettingsScreen.swift; sourceTree = "<group>"; };
		60B2E43222CB54EB00BEAB23 /* ScoreScreen.swift */ = {isa = PBXFileReference; lastKnownFileType = sourcecode.swift; path = ScoreScreen.swift; sourceTree = "<group>"; };
		60B2E43522CB58F800BEAB23 /* MapScreen.swift */ = {isa = PBXFileReference; lastKnownFileType = sourcecode.swift; path = MapScreen.swift; sourceTree = "<group>"; };
		60B2E43A22CCEA6500BEAB23 /* CurrentDay.swift */ = {isa = PBXFileReference; lastKnownFileType = sourcecode.swift; path = CurrentDay.swift; sourceTree = "<group>"; };
		60CBD93122D88DE600D387CF /* Student.swift */ = {isa = PBXFileReference; lastKnownFileType = sourcecode.swift; path = Student.swift; sourceTree = "<group>"; };
		60CBD93322DF464700D387CF /* EmptyScheduleScreen.swift */ = {isa = PBXFileReference; lastKnownFileType = sourcecode.swift; path = EmptyScheduleScreen.swift; sourceTree = "<group>"; };
		60CBD93522DF46A000D387CF /* SubjectCell.swift */ = {isa = PBXFileReference; lastKnownFileType = sourcecode.swift; path = SubjectCell.swift; sourceTree = "<group>"; };
		60CBD93922E10F5E00D387CF /* DataUtilities.swift */ = {isa = PBXFileReference; lastKnownFileType = sourcecode.swift; path = DataUtilities.swift; sourceTree = "<group>"; };
		82E52C4120839F419F840368 /* Pods-kaist.release.xcconfig */ = {isa = PBXFileReference; includeInIndex = 1; lastKnownFileType = text.xcconfig; name = "Pods-kaist.release.xcconfig"; path = "Target Support Files/Pods-kaist/Pods-kaist.release.xcconfig"; sourceTree = "<group>"; };
/* End PBXFileReference section */

/* Begin PBXFrameworksBuildPhase section */
		6068569022C610420010D324 /* Frameworks */ = {
			isa = PBXFrameworksBuildPhase;
			buildActionMask = 2147483647;
			files = (
				E2F6EDE69E807E8BA89ECE65 /* Pods_kaist.framework in Frameworks */,
			);
			runOnlyForDeploymentPostprocessing = 0;
		};
/* End PBXFrameworksBuildPhase section */

/* Begin PBXGroup section */
		6068568A22C610420010D324 = {
			isa = PBXGroup;
			children = (
				6068569522C610420010D324 /* kaist */,
				6068569422C610420010D324 /* Products */,
				8DAA9F1620FCA732B176297F /* Pods */,
				B2C0872559DA49117547C9C4 /* Frameworks */,
			);
			sourceTree = "<group>";
		};
		6068569422C610420010D324 /* Products */ = {
			isa = PBXGroup;
			children = (
				6068569322C610420010D324 /* kaist.app */,
			);
			name = Products;
			sourceTree = "<group>";
		};
		6068569522C610420010D324 /* kaist */ = {
			isa = PBXGroup;
			children = (
				6068569622C610420010D324 /* AppDelegate.swift */,
				606B378622CA83CA00929369 /* Screens */,
				60B2E43C22CCEAF200BEAB23 /* Utilities */,
				6068569D22C610430010D324 /* Assets.xcassets */,
				606B379322CAA07F00929369 /* LaunchScreen.storyboard */,
				606856A222C610430010D324 /* Info.plist */,
			);
			path = kaist;
			sourceTree = "<group>";
		};
		606B378622CA83CA00929369 /* Screens */ = {
			isa = PBXGroup;
			children = (
				606B379122CA858900929369 /* Main.swift */,
				60B2E42922CB182600BEAB23 /* Schedule */,
				60B2E43122CB54C400BEAB23 /* Score */,
				60B2E43422CB58D500BEAB23 /* Map */,
				60B2E42B22CB182600BEAB23 /* Settings */,
			);
			path = Screens;
			sourceTree = "<group>";
		};
		60B2E42922CB182600BEAB23 /* Schedule */ = {
			isa = PBXGroup;
			children = (
				60B2E42A22CB182600BEAB23 /* ScheduleScreen.swift */,
				60CBD93522DF46A000D387CF /* SubjectCell.swift */,
				60CBD93322DF464700D387CF /* EmptyScheduleScreen.swift */,
			);
			path = Schedule;
			sourceTree = "<group>";
		};
		60B2E42B22CB182600BEAB23 /* Settings */ = {
			isa = PBXGroup;
			children = (
				60B2E42C22CB182600BEAB23 /* SettingsScreen.swift */,
			);
			path = Settings;
			sourceTree = "<group>";
		};
		60B2E43122CB54C400BEAB23 /* Score */ = {
			isa = PBXGroup;
			children = (
				60B2E43222CB54EB00BEAB23 /* ScoreScreen.swift */,
			);
			path = Score;
			sourceTree = "<group>";
		};
		60B2E43422CB58D500BEAB23 /* Map */ = {
			isa = PBXGroup;
			children = (
				60B2E43522CB58F800BEAB23 /* MapScreen.swift */,
			);
			path = Map;
			sourceTree = "<group>";
		};
		60B2E43C22CCEAF200BEAB23 /* Utilities */ = {
			isa = PBXGroup;
			children = (
				60CBD93122D88DE600D387CF /* Student.swift */,
				603E1AC722CDDC2200746F5B /* LecturerData.swift */,
				60CBD93922E10F5E00D387CF /* DataUtilities.swift */,
				60B2E43A22CCEA6500BEAB23 /* CurrentDay.swift */,
			);
			path = Utilities;
			sourceTree = "<group>";
		};
		8DAA9F1620FCA732B176297F /* Pods */ = {
			isa = PBXGroup;
			children = (
				4FDD590DF6B6A87C3237CF1B /* Pods-kaist.debug.xcconfig */,
				82E52C4120839F419F840368 /* Pods-kaist.release.xcconfig */,
			);
			path = Pods;
			sourceTree = "<group>";
		};
		B2C0872559DA49117547C9C4 /* Frameworks */ = {
			isa = PBXGroup;
			children = (
				2122653EEB719A9CDBF82F16 /* Pods_kaist.framework */,
			);
			name = Frameworks;
			sourceTree = "<group>";
		};
/* End PBXGroup section */

/* Begin PBXNativeTarget section */
		6068569222C610420010D324 /* kaist */ = {
			isa = PBXNativeTarget;
			buildConfigurationList = 606856A522C610430010D324 /* Build configuration list for PBXNativeTarget "kaist" */;
			buildPhases = (
				19D128249DA81650E3A5E0C3 /* [CP] Check Pods Manifest.lock */,
				6068568F22C610420010D324 /* Sources */,
				6068569022C610420010D324 /* Frameworks */,
				6068569122C610420010D324 /* Resources */,
				21B77FCC8E6CE070B6D04E54 /* [CP] Embed Pods Frameworks */,
			);
			buildRules = (
			);
			dependencies = (
			);
			name = kaist;
			productName = kaist;
			productReference = 6068569322C610420010D324 /* kaist.app */;
			productType = "com.apple.product-type.application";
		};
/* End PBXNativeTarget section */

/* Begin PBXProject section */
		6068568B22C610420010D324 /* Project object */ = {
			isa = PBXProject;
			attributes = {
				LastSwiftUpdateCheck = 1020;
				LastUpgradeCheck = 1020;
				ORGANIZATIONNAME = "Airat K";
				TargetAttributes = {
					6068569222C610420010D324 = {
						CreatedOnToolsVersion = 10.2.1;
					};
				};
			};
			buildConfigurationList = 6068568E22C610420010D324 /* Build configuration list for PBXProject "kaist" */;
			compatibilityVersion = "Xcode 9.3";
			developmentRegion = en;
			hasScannedForEncodings = 0;
			knownRegions = (
				en,
				Base,
			);
			mainGroup = 6068568A22C610420010D324;
			productRefGroup = 6068569422C610420010D324 /* Products */;
			projectDirPath = "";
			projectRoot = "";
			targets = (
				6068569222C610420010D324 /* kaist */,
			);
		};
/* End PBXProject section */

/* Begin PBXResourcesBuildPhase section */
		6068569122C610420010D324 /* Resources */ = {
			isa = PBXResourcesBuildPhase;
			buildActionMask = 2147483647;
			files = (
				6068569E22C610430010D324 /* Assets.xcassets in Resources */,
				606B379422CAA07F00929369 /* LaunchScreen.storyboard in Resources */,
			);
			runOnlyForDeploymentPostprocessing = 0;
		};
/* End PBXResourcesBuildPhase section */

/* Begin PBXShellScriptBuildPhase section */
		19D128249DA81650E3A5E0C3 /* [CP] Check Pods Manifest.lock */ = {
			isa = PBXShellScriptBuildPhase;
			buildActionMask = 2147483647;
			files = (
			);
			inputFileListPaths = (
			);
			inputPaths = (
				"${PODS_PODFILE_DIR_PATH}/Podfile.lock",
				"${PODS_ROOT}/Manifest.lock",
			);
			name = "[CP] Check Pods Manifest.lock";
			outputFileListPaths = (
			);
			outputPaths = (
				"$(DERIVED_FILE_DIR)/Pods-kaist-checkManifestLockResult.txt",
			);
			runOnlyForDeploymentPostprocessing = 0;
			shellPath = /bin/sh;
			shellScript = "diff \"${PODS_PODFILE_DIR_PATH}/Podfile.lock\" \"${PODS_ROOT}/Manifest.lock\" > /dev/null\nif [ $? != 0 ] ; then\n    # print error to STDERR\n    echo \"error: The sandbox is not in sync with the Podfile.lock. Run 'pod install' or update your CocoaPods installation.\" >&2\n    exit 1\nfi\n# This output is used by Xcode 'outputs' to avoid re-running this script phase.\necho \"SUCCESS\" > \"${SCRIPT_OUTPUT_FILE_0}\"\n";
			showEnvVarsInLog = 0;
		};
		21B77FCC8E6CE070B6D04E54 /* [CP] Embed Pods Frameworks */ = {
			isa = PBXShellScriptBuildPhase;
			buildActionMask = 2147483647;
			files = (
			);
			inputFileListPaths = (
				"${PODS_ROOT}/Target Support Files/Pods-kaist/Pods-kaist-frameworks-${CONFIGURATION}-input-files.xcfilelist",
			);
			name = "[CP] Embed Pods Frameworks";
			outputFileListPaths = (
				"${PODS_ROOT}/Target Support Files/Pods-kaist/Pods-kaist-frameworks-${CONFIGURATION}-output-files.xcfilelist",
			);
			runOnlyForDeploymentPostprocessing = 0;
			shellPath = /bin/sh;
			shellScript = "\"${PODS_ROOT}/Target Support Files/Pods-kaist/Pods-kaist-frameworks.sh\"\n";
			showEnvVarsInLog = 0;
		};
/* End PBXShellScriptBuildPhase section */

/* Begin PBXSourcesBuildPhase section */
		6068568F22C610420010D324 /* Sources */ = {
			isa = PBXSourcesBuildPhase;
			buildActionMask = 2147483647;
			files = (
				60CBD93A22E10F5E00D387CF /* DataUtilities.swift in Sources */,
				60B2E42E22CB182600BEAB23 /* SettingsScreen.swift in Sources */,
				60CBD93622DF46A000D387CF /* SubjectCell.swift in Sources */,
				60B2E43322CB54EB00BEAB23 /* ScoreScreen.swift in Sources */,
				60B2E43B22CCEA6500BEAB23 /* CurrentDay.swift in Sources */,
				60CBD93222D88DE600D387CF /* Student.swift in Sources */,
				606B379222CA858900929369 /* Main.swift in Sources */,
				60B2E42D22CB182600BEAB23 /* ScheduleScreen.swift in Sources */,
				60CBD93422DF464700D387CF /* EmptyScheduleScreen.swift in Sources */,
				60B2E43622CB58F800BEAB23 /* MapScreen.swift in Sources */,
				603E1AC822CDDC2200746F5B /* LecturerData.swift in Sources */,
				6068569722C610420010D324 /* AppDelegate.swift in Sources */,
			);
			runOnlyForDeploymentPostprocessing = 0;
		};
/* End PBXSourcesBuildPhase section */

/* Begin XCBuildConfiguration section */
		606856A322C610430010D324 /* Debug */ = {
			isa = XCBuildConfiguration;
			buildSettings = {
				ALWAYS_SEARCH_USER_PATHS = NO;
				CLANG_ANALYZER_NONNULL = YES;
				CLANG_ANALYZER_NUMBER_OBJECT_CONVERSION = YES_AGGRESSIVE;
				CLANG_CXX_LANGUAGE_STANDARD = "gnu++14";
				CLANG_CXX_LIBRARY = "libc++";
				CLANG_ENABLE_MODULES = YES;
				CLANG_ENABLE_OBJC_ARC = YES;
				CLANG_ENABLE_OBJC_WEAK = YES;
				CLANG_WARN_BLOCK_CAPTURE_AUTORELEASING = YES;
				CLANG_WARN_BOOL_CONVERSION = YES;
				CLANG_WARN_COMMA = YES;
				CLANG_WARN_CONSTANT_CONVERSION = YES;
				CLANG_WARN_DEPRECATED_OBJC_IMPLEMENTATIONS = YES;
				CLANG_WARN_DIRECT_OBJC_ISA_USAGE = YES_ERROR;
				CLANG_WARN_DOCUMENTATION_COMMENTS = YES;
				CLANG_WARN_EMPTY_BODY = YES;
				CLANG_WARN_ENUM_CONVERSION = YES;
				CLANG_WARN_INFINITE_RECURSION = YES;
				CLANG_WARN_INT_CONVERSION = YES;
				CLANG_WARN_NON_LITERAL_NULL_CONVERSION = YES;
				CLANG_WARN_OBJC_IMPLICIT_RETAIN_SELF = YES;
				CLANG_WARN_OBJC_LITERAL_CONVERSION = YES;
				CLANG_WARN_OBJC_ROOT_CLASS = YES_ERROR;
				CLANG_WARN_RANGE_LOOP_ANALYSIS = YES;
				CLANG_WARN_STRICT_PROTOTYPES = YES;
				CLANG_WARN_SUSPICIOUS_MOVE = YES;
				CLANG_WARN_UNGUARDED_AVAILABILITY = YES_AGGRESSIVE;
				CLANG_WARN_UNREACHABLE_CODE = YES;
				CLANG_WARN__DUPLICATE_METHOD_MATCH = YES;
				CODE_SIGN_IDENTITY = "iPhone Developer";
				COPY_PHASE_STRIP = NO;
				DEBUG_INFORMATION_FORMAT = dwarf;
				ENABLE_STRICT_OBJC_MSGSEND = YES;
				ENABLE_TESTABILITY = YES;
				GCC_C_LANGUAGE_STANDARD = gnu11;
				GCC_DYNAMIC_NO_PIC = NO;
				GCC_NO_COMMON_BLOCKS = YES;
				GCC_OPTIMIZATION_LEVEL = 0;
				GCC_PREPROCESSOR_DEFINITIONS = (
					"DEBUG=1",
					"$(inherited)",
				);
				GCC_WARN_64_TO_32_BIT_CONVERSION = YES;
				GCC_WARN_ABOUT_RETURN_TYPE = YES_ERROR;
				GCC_WARN_UNDECLARED_SELECTOR = YES;
				GCC_WARN_UNINITIALIZED_AUTOS = YES_AGGRESSIVE;
				GCC_WARN_UNUSED_FUNCTION = YES;
				GCC_WARN_UNUSED_VARIABLE = YES;
				IPHONEOS_DEPLOYMENT_TARGET = 12.2;
				MTL_ENABLE_DEBUG_INFO = INCLUDE_SOURCE;
				MTL_FAST_MATH = YES;
				ONLY_ACTIVE_ARCH = YES;
				SDKROOT = iphoneos;
				SWIFT_ACTIVE_COMPILATION_CONDITIONS = DEBUG;
				SWIFT_OPTIMIZATION_LEVEL = "-Onone";
			};
			name = Debug;
		};
		606856A422C610430010D324 /* Release */ = {
			isa = XCBuildConfiguration;
			buildSettings = {
				ALWAYS_SEARCH_USER_PATHS = NO;
				CLANG_ANALYZER_NONNULL = YES;
				CLANG_ANALYZER_NUMBER_OBJECT_CONVERSION = YES_AGGRESSIVE;
				CLANG_CXX_LANGUAGE_STANDARD = "gnu++14";
				CLANG_CXX_LIBRARY = "libc++";
				CLANG_ENABLE_MODULES = YES;
				CLANG_ENABLE_OBJC_ARC = YES;
				CLANG_ENABLE_OBJC_WEAK = YES;
				CLANG_WARN_BLOCK_CAPTURE_AUTORELEASING = YES;
				CLANG_WARN_BOOL_CONVERSION = YES;
				CLANG_WARN_COMMA = YES;
				CLANG_WARN_CONSTANT_CONVERSION = YES;
				CLANG_WARN_DEPRECATED_OBJC_IMPLEMENTATIONS = YES;
				CLANG_WARN_DIRECT_OBJC_ISA_USAGE = YES_ERROR;
				CLANG_WARN_DOCUMENTATION_COMMENTS = YES;
				CLANG_WARN_EMPTY_BODY = YES;
				CLANG_WARN_ENUM_CONVERSION = YES;
				CLANG_WARN_INFINITE_RECURSION = YES;
				CLANG_WARN_INT_CONVERSION = YES;
				CLANG_WARN_NON_LITERAL_NULL_CONVERSION = YES;
				CLANG_WARN_OBJC_IMPLICIT_RETAIN_SELF = YES;
				CLANG_WARN_OBJC_LITERAL_CONVERSION = YES;
				CLANG_WARN_OBJC_ROOT_CLASS = YES_ERROR;
				CLANG_WARN_RANGE_LOOP_ANALYSIS = YES;
				CLANG_WARN_STRICT_PROTOTYPES = YES;
				CLANG_WARN_SUSPICIOUS_MOVE = YES;
				CLANG_WARN_UNGUARDED_AVAILABILITY = YES_AGGRESSIVE;
				CLANG_WARN_UNREACHABLE_CODE = YES;
				CLANG_WARN__DUPLICATE_METHOD_MATCH = YES;
				CODE_SIGN_IDENTITY = "iPhone Developer";
				COPY_PHASE_STRIP = NO;
				DEBUG_INFORMATION_FORMAT = "dwarf-with-dsym";
				ENABLE_NS_ASSERTIONS = NO;
				ENABLE_STRICT_OBJC_MSGSEND = YES;
				GCC_C_LANGUAGE_STANDARD = gnu11;
				GCC_NO_COMMON_BLOCKS = YES;
				GCC_WARN_64_TO_32_BIT_CONVERSION = YES;
				GCC_WARN_ABOUT_RETURN_TYPE = YES_ERROR;
				GCC_WARN_UNDECLARED_SELECTOR = YES;
				GCC_WARN_UNINITIALIZED_AUTOS = YES_AGGRESSIVE;
				GCC_WARN_UNUSED_FUNCTION = YES;
				GCC_WARN_UNUSED_VARIABLE = YES;
				IPHONEOS_DEPLOYMENT_TARGET = 12.2;
				MTL_ENABLE_DEBUG_INFO = NO;
				MTL_FAST_MATH = YES;
				SDKROOT = iphoneos;
				SWIFT_COMPILATION_MODE = wholemodule;
				SWIFT_OPTIMIZATION_LEVEL = "-O";
				VALIDATE_PRODUCT = YES;
			};
			name = Release;
		};
		606856A622C610430010D324 /* Debug */ = {
			isa = XCBuildConfiguration;
			baseConfigurationReference = 4FDD590DF6B6A87C3237CF1B /* Pods-kaist.debug.xcconfig */;
			buildSettings = {
				ASSETCATALOG_COMPILER_APPICON_NAME = AppIcon;
				CODE_SIGN_STYLE = Automatic;
				DEVELOPMENT_TEAM = LFA8M8P3Z8;
				INFOPLIST_FILE = kaist/Info.plist;
				LD_RUNPATH_SEARCH_PATHS = (
					"$(inherited)",
					"@executable_path/Frameworks",
				);
				PRODUCT_BUNDLE_IDENTIFIER = airatk.kaist;
				PRODUCT_NAME = "$(TARGET_NAME)";
				SWIFT_VERSION = 5.0;
				TARGETED_DEVICE_FAMILY = "1,2";
			};
			name = Debug;
		};
		606856A722C610430010D324 /* Release */ = {
			isa = XCBuildConfiguration;
			baseConfigurationReference = 82E52C4120839F419F840368 /* Pods-kaist.release.xcconfig */;
			buildSettings = {
				ASSETCATALOG_COMPILER_APPICON_NAME = AppIcon;
				CODE_SIGN_STYLE = Automatic;
				DEVELOPMENT_TEAM = LFA8M8P3Z8;
				INFOPLIST_FILE = kaist/Info.plist;
				LD_RUNPATH_SEARCH_PATHS = (
					"$(inherited)",
					"@executable_path/Frameworks",
				);
				PRODUCT_BUNDLE_IDENTIFIER = airatk.kaist;
				PRODUCT_NAME = "$(TARGET_NAME)";
				SWIFT_VERSION = 5.0;
				TARGETED_DEVICE_FAMILY = "1,2";
			};
			name = Release;
		};
/* End XCBuildConfiguration section */

/* Begin XCConfigurationList section */
		6068568E22C610420010D324 /* Build configuration list for PBXProject "kaist" */ = {
			isa = XCConfigurationList;
			buildConfigurations = (
				606856A322C610430010D324 /* Debug */,
				606856A422C610430010D324 /* Release */,
			);
			defaultConfigurationIsVisible = 0;
			defaultConfigurationName = Release;
		};
		606856A522C610430010D324 /* Build configuration list for PBXNativeTarget "kaist" */ = {
			isa = XCConfigurationList;
			buildConfigurations = (
				606856A622C610430010D324 /* Debug */,
				606856A722C610430010D324 /* Release */,
			);
			defaultConfigurationIsVisible = 0;
			defaultConfigurationName = Release;
		};
/* End XCConfigurationList section */
	};
	rootObject = 6068568B22C610420010D324 /* Project object */;
}
